dependencies:
- name: web
  repository: https://cjtim.github.io/be-friends
  version: v1.0.8
- name: api
  repository: https://cjtim.github.io/be-friends-api
  version: v1.0.14
digest: sha256:6cbee3ef639d400dcebddc5766cc037b6fffa7f61f7d0d90f9582ce66d9fbf57
generated: "2022-06-04T17:00:01.919062+07:00"
