dependencies:
- name: web
  repository: https://cjtim.github.io/be-friends
  version: v1.2.1
- name: api
  repository: https://cjtim.github.io/be-friends-api
  version: v1.1.5
digest: sha256:e4b149b454e4d91f949a90df8e51f140a489215cb60139ec09a7a5511c99ca4f
generated: "2022-06-05T18:47:12.286176+07:00"
